PODS:
  - amap_flutter_location (0.0.1):
    - AMapLocation
    - Flutter
  - AMapFoundation (1.8.2)
  - AMapLocation (2.10.0):
    - AMapFoundation (>= 1.8.0)
  - app_badge_plus (1.1.6):
    - Flutter
  - "app_settings (3.0.0+1)":
    - Flutter
  - BIJKPlayer (0.7.16)
  - connectivity_plus (0.0.1):
    - Flutter
    - ReachabilitySwift
  - device_info_plus (0.0.1):
    - Flutter
  - fijkplayer (0.11.0):
    - BIJKPlayer (~> 0.7.16)
    - Flutter
  - Flutter (1.0.0)
  - flutter_icmp_ping (0.0.1):
    - Flutter
  - flutter_image_compress_common (1.0.0):
    - Flutter
    - Mantle
    - SDWebImage
    - SDWebImageWebPCoder
  - fluttertoast (0.0.2):
    - Flutter
    - Toast
  - ft_mobile_agent_flutter (0.0.2):
    - Flutter
    - FTMobileSDK/FTMobileAgent (= 1.5.7)
  - FTMobileSDK/FTMobileAgent (1.5.7):
    - FTMobileSDK/FTSDKCore
  - FTMobileSDK/FTSDKCore (1.5.7):
    - FTMobileSDK/FTSDKCore/BaseUtils (= 1.5.7)
    - FTMobileSDK/FTSDKCore/DataManager (= 1.5.7)
    - FTMobileSDK/FTSDKCore/FTRUM (= 1.5.7)
    - FTMobileSDK/FTSDKCore/FTWKWebView (= 1.5.7)
    - FTMobileSDK/FTSDKCore/Logger (= 1.5.7)
    - FTMobileSDK/FTSDKCore/Protocol (= 1.5.7)
    - FTMobileSDK/FTSDKCore/URLSessionAutoInstrumentation (= 1.5.7)
  - FTMobileSDK/FTSDKCore/BaseUtils (1.5.7):
    - FTMobileSDK/FTSDKCore/BaseUtils/Base (= 1.5.7)
    - FTMobileSDK/FTSDKCore/BaseUtils/Swizzle (= 1.5.7)
    - FTMobileSDK/FTSDKCore/BaseUtils/Thread (= 1.5.7)
  - FTMobileSDK/FTSDKCore/BaseUtils/Base (1.5.7)
  - FTMobileSDK/FTSDKCore/BaseUtils/Swizzle (1.5.7):
    - FTMobileSDK/FTSDKCore/BaseUtils/Base
  - FTMobileSDK/FTSDKCore/BaseUtils/Thread (1.5.7)
  - FTMobileSDK/FTSDKCore/DataManager (1.5.7):
    - FTMobileSDK/FTSDKCore/BaseUtils/Base
    - FTMobileSDK/FTSDKCore/BaseUtils/Thread
  - FTMobileSDK/FTSDKCore/FTRUM (1.5.7):
    - FTMobileSDK/FTSDKCore/BaseUtils/Base
    - FTMobileSDK/FTSDKCore/BaseUtils/Thread
    - FTMobileSDK/FTSDKCore/Protocol
  - FTMobileSDK/FTSDKCore/FTWKWebView (1.5.7):
    - FTMobileSDK/FTSDKCore/BaseUtils/Swizzle
    - FTMobileSDK/FTSDKCore/Protocol
  - FTMobileSDK/FTSDKCore/Logger (1.5.7):
    - FTMobileSDK/FTSDKCore/BaseUtils/Base
    - FTMobileSDK/FTSDKCore/Protocol
  - FTMobileSDK/FTSDKCore/Protocol (1.5.7)
  - FTMobileSDK/FTSDKCore/URLSessionAutoInstrumentation (1.5.7):
    - FTMobileSDK/FTSDKCore/BaseUtils/Swizzle
    - FTMobileSDK/FTSDKCore/Protocol
  - geolocator_apple (1.2.0):
    - Flutter
  - image_cropper (0.0.4):
    - Flutter
    - TOCropViewController (~> 2.7.4)
  - image_gallery_saver (2.0.2):
    - Flutter
  - image_picker_ios (0.0.1):
    - Flutter
  - JCore (4.8.0)
  - JPush (5.4.0):
    - JCore (>= 2.0.0)
  - jpush_flutter (0.0.2):
    - Flutter
    - JCore (>= 4.8.0)
    - JPush (= 5.4.0)
  - kone_bluetooth_plugin (0.0.1):
    - Flutter
    - nativeLibExtension
  - libwebp (1.3.2):
    - libwebp/demux (= 1.3.2)
    - libwebp/mux (= 1.3.2)
    - libwebp/sharpyuv (= 1.3.2)
    - libwebp/webp (= 1.3.2)
  - libwebp/demux (1.3.2):
    - libwebp/webp
  - libwebp/mux (1.3.2):
    - libwebp/demux
  - libwebp/sharpyuv (1.3.2)
  - libwebp/webp (1.3.2):
    - libwebp/sharpyuv
  - location_service_check (0.0.1):
    - Flutter
  - Mantle (2.2.0):
    - Mantle/extobjc (= 2.2.0)
  - Mantle/extobjc (2.2.0)
  - native_lib (0.0.1):
    - Flutter
  - nativeLibExtension (0.1.0)
  - network_info_plus (0.0.1):
    - Flutter
  - package_info_plus (0.4.5):
    - Flutter
  - path_provider_foundation (0.0.1):
    - Flutter
    - FlutterMacOS
  - permission_handler_apple (9.3.0):
    - Flutter
  - ReachabilitySwift (5.2.4)
  - SDWebImage (5.20.0):
    - SDWebImage/Core (= 5.20.0)
  - SDWebImage/Core (5.20.0)
  - SDWebImageWebPCoder (0.14.6):
    - libwebp (~> 1.0)
    - SDWebImage/Core (~> 5.17)
  - shared_preferences_foundation (0.0.1):
    - Flutter
    - FlutterMacOS
  - sqflite_darwin (0.0.4):
    - Flutter
    - FlutterMacOS
  - Toast (4.1.1)
  - TOCropViewController (2.7.4)
  - url_launcher_ios (0.0.1):
    - Flutter
  - wakelock (0.0.1):
    - Flutter
  - webview_flutter_wkwebview (0.0.1):
    - Flutter
    - FlutterMacOS
  - wifi_iot (0.0.1):
    - Flutter
  - wifi_scan (0.0.1):
    - Flutter

DEPENDENCIES:
  - amap_flutter_location (from `.symlinks/plugins/amap_flutter_location/ios`)
  - app_badge_plus (from `.symlinks/plugins/app_badge_plus/ios`)
  - app_settings (from `.symlinks/plugins/app_settings/ios`)
  - connectivity_plus (from `.symlinks/plugins/connectivity_plus/ios`)
  - device_info_plus (from `.symlinks/plugins/device_info_plus/ios`)
  - fijkplayer (from `.symlinks/plugins/fijkplayer/ios`)
  - Flutter (from `Flutter`)
  - flutter_icmp_ping (from `.symlinks/plugins/flutter_icmp_ping/ios`)
  - flutter_image_compress_common (from `.symlinks/plugins/flutter_image_compress_common/ios`)
  - fluttertoast (from `.symlinks/plugins/fluttertoast/ios`)
  - ft_mobile_agent_flutter (from `.symlinks/plugins/ft_mobile_agent_flutter/ios`)
  - geolocator_apple (from `.symlinks/plugins/geolocator_apple/ios`)
  - image_cropper (from `.symlinks/plugins/image_cropper/ios`)
  - image_gallery_saver (from `.symlinks/plugins/image_gallery_saver/ios`)
  - image_picker_ios (from `.symlinks/plugins/image_picker_ios/ios`)
  - jpush_flutter (from `.symlinks/plugins/jpush_flutter/ios`)
  - kone_bluetooth_plugin (from `.symlinks/plugins/kone_bluetooth_plugin/ios`)
  - location_service_check (from `.symlinks/plugins/location_service_check/ios`)
  - native_lib (from `.symlinks/plugins/native_lib/ios`)
  - "nativeLibExtension (from `git@gitlab.prod.devops.dps.kone.cn:servicestickiness/stickiness_frontend/kfps_ios_pod.git`, branch `v2.3/main`)"
  - network_info_plus (from `.symlinks/plugins/network_info_plus/ios`)
  - package_info_plus (from `.symlinks/plugins/package_info_plus/ios`)
  - path_provider_foundation (from `.symlinks/plugins/path_provider_foundation/darwin`)
  - permission_handler_apple (from `.symlinks/plugins/permission_handler_apple/ios`)
  - shared_preferences_foundation (from `.symlinks/plugins/shared_preferences_foundation/darwin`)
  - sqflite_darwin (from `.symlinks/plugins/sqflite_darwin/darwin`)
  - url_launcher_ios (from `.symlinks/plugins/url_launcher_ios/ios`)
  - wakelock (from `.symlinks/plugins/wakelock/ios`)
  - webview_flutter_wkwebview (from `.symlinks/plugins/webview_flutter_wkwebview/darwin`)
  - wifi_iot (from `.symlinks/plugins/wifi_iot/ios`)
  - wifi_scan (from `.symlinks/plugins/wifi_scan/ios`)

SPEC REPOS:
  https://github.com/CocoaPods/Specs.git:
    - AMapFoundation
    - AMapLocation
    - BIJKPlayer
    - FTMobileSDK
    - JCore
    - JPush
    - libwebp
    - Mantle
    - ReachabilitySwift
    - SDWebImage
    - SDWebImageWebPCoder
    - Toast
    - TOCropViewController

EXTERNAL SOURCES:
  amap_flutter_location:
    :path: ".symlinks/plugins/amap_flutter_location/ios"
  app_badge_plus:
    :path: ".symlinks/plugins/app_badge_plus/ios"
  app_settings:
    :path: ".symlinks/plugins/app_settings/ios"
  connectivity_plus:
    :path: ".symlinks/plugins/connectivity_plus/ios"
  device_info_plus:
    :path: ".symlinks/plugins/device_info_plus/ios"
  fijkplayer:
    :path: ".symlinks/plugins/fijkplayer/ios"
  Flutter:
    :path: Flutter
  flutter_icmp_ping:
    :path: ".symlinks/plugins/flutter_icmp_ping/ios"
  flutter_image_compress_common:
    :path: ".symlinks/plugins/flutter_image_compress_common/ios"
  fluttertoast:
    :path: ".symlinks/plugins/fluttertoast/ios"
  ft_mobile_agent_flutter:
    :path: ".symlinks/plugins/ft_mobile_agent_flutter/ios"
  geolocator_apple:
    :path: ".symlinks/plugins/geolocator_apple/ios"
  image_cropper:
    :path: ".symlinks/plugins/image_cropper/ios"
  image_gallery_saver:
    :path: ".symlinks/plugins/image_gallery_saver/ios"
  image_picker_ios:
    :path: ".symlinks/plugins/image_picker_ios/ios"
  jpush_flutter:
    :path: ".symlinks/plugins/jpush_flutter/ios"
  kone_bluetooth_plugin:
    :path: ".symlinks/plugins/kone_bluetooth_plugin/ios"
  location_service_check:
    :path: ".symlinks/plugins/location_service_check/ios"
  native_lib:
    :path: ".symlinks/plugins/native_lib/ios"
  nativeLibExtension:
    :branch: v2.3/main
    :git: "git@gitlab.prod.devops.dps.kone.cn:servicestickiness/stickiness_frontend/kfps_ios_pod.git"
  network_info_plus:
    :path: ".symlinks/plugins/network_info_plus/ios"
  package_info_plus:
    :path: ".symlinks/plugins/package_info_plus/ios"
  path_provider_foundation:
    :path: ".symlinks/plugins/path_provider_foundation/darwin"
  permission_handler_apple:
    :path: ".symlinks/plugins/permission_handler_apple/ios"
  shared_preferences_foundation:
    :path: ".symlinks/plugins/shared_preferences_foundation/darwin"
  sqflite_darwin:
    :path: ".symlinks/plugins/sqflite_darwin/darwin"
  url_launcher_ios:
    :path: ".symlinks/plugins/url_launcher_ios/ios"
  wakelock:
    :path: ".symlinks/plugins/wakelock/ios"
  webview_flutter_wkwebview:
    :path: ".symlinks/plugins/webview_flutter_wkwebview/darwin"
  wifi_iot:
    :path: ".symlinks/plugins/wifi_iot/ios"
  wifi_scan:
    :path: ".symlinks/plugins/wifi_scan/ios"

CHECKOUT OPTIONS:
  nativeLibExtension:
    :commit: d700797a45d73fc37621fa713a0906d4687858ca
    :git: "git@gitlab.prod.devops.dps.kone.cn:servicestickiness/stickiness_frontend/kfps_ios_pod.git"

SPEC CHECKSUMS:
  amap_flutter_location: 44ff5beb64f42e0bf5feb402fe299dac0013af6f
  AMapFoundation: 9885c48fc3a78fdfb84a0299a2293e56ea3c9fec
  AMapLocation: 5248aec2455ebb5d104b367813c946430a2ee033
  app_badge_plus: 060babf17a97011f0093739f0aa8bc65b2479233
  app_settings: 54b8813f690b34f757c0bf97a46637bed5acc76c
  BIJKPlayer: 4c5d66e5cb99ae5bade6f22a4fcc031722a81c64
  connectivity_plus: bf0076dd84a130856aa636df1c71ccaff908fa1d
  device_info_plus: e5c5da33f982a436e103237c0c85f9031142abed
  fijkplayer: 8b6d864948dc28e6e07248ed4fce61a7467db4df
  Flutter: e0871f40cf51350855a761d2e70bf5af5b9b5de7
  flutter_icmp_ping: 2b159955eee0c487c766ad83fec224ae35e7c935
  flutter_image_compress_common: ec1d45c362c9d30a3f6a0426c297f47c52007e3e
  fluttertoast: e9a18c7be5413da53898f660530c56f35edfba9c
  ft_mobile_agent_flutter: 2f37431f70b81940d2de46290c9dabd5226b7865
  FTMobileSDK: 6ebab32bfd15106e2ba1256ffa0df6f04747d843
  geolocator_apple: 9bcea1918ff7f0062d98345d238ae12718acfbc1
  image_cropper: 37d40f62177c101ff4c164906d259ea2c3aa70cf
  image_gallery_saver: cb43cc43141711190510e92c460eb1655cd343cb
  image_picker_ios: c560581cceedb403a6ff17f2f816d7fea1421fc1
  JCore: 72aeac69a0ba49b9ef6e753cdd2d0f7f18deb15f
  JPush: 9ebff4e71616d3bd886d358e8e0039d5a00d0d92
  jpush_flutter: c9989be1043ecd8b5e8fe9a0819cdb099e661b54
  kone_bluetooth_plugin: 3b991adf9271d4021da3efc4c9744366c0940da8
  libwebp: 1786c9f4ff8a279e4dac1e8f385004d5fc253009
  location_service_check: 7fc5b4b20d70026ae08415a10b6a029bb43130c5
  Mantle: c5aa8794a29a022dfbbfc9799af95f477a69b62d
  native_lib: ea4f832698962c147b9d5caa50675eb5a57da65d
  nativeLibExtension: 58093c86032d209d058f8024eff704a9c8ea19eb
  network_info_plus: b78876159360f5580608c2cea620d6ceffabd0ad
  package_info_plus: 58f0028419748fad15bf008b270aaa8e54380b1c
  path_provider_foundation: 2b6b4c569c0fb62ec74538f866245ac84301af46
  permission_handler_apple: 9878588469a2b0d0fc1e048d9f43605f92e6cec2
  ReachabilitySwift: 32793e867593cfc1177f5d16491e3a197d2fccda
  SDWebImage: 73c6079366fea25fa4bb9640d5fb58f0893facd8
  SDWebImageWebPCoder: e38c0a70396191361d60c092933e22c20d5b1380
  shared_preferences_foundation: fcdcbc04712aee1108ac7fda236f363274528f78
  sqflite_darwin: 5a7236e3b501866c1c9befc6771dfd73ffb8702d
  Toast: 1f5ea13423a1e6674c4abdac5be53587ae481c4e
  TOCropViewController: 80b8985ad794298fb69d3341de183f33d1853654
  url_launcher_ios: 5334b05cef931de560670eeae103fd3e431ac3fe
  wakelock: d0fc7c864128eac40eba1617cb5264d9c940b46f
  webview_flutter_wkwebview: 0982481e3d9c78fd5c6f62a002fcd24fc791f1e4
  wifi_iot: b5aafd6f9b52f8a357383a1deabab45f31cd602d
  wifi_scan: 6d20b3b4f59bbad1ddcf3e241560f3acd62f6cbe

PODFILE CHECKSUM: 00b7d8d701d2f110a89b7f354438d9cf346a390a

COCOAPODS: 1.15.2
